// !$*UTF8*$!
{
	archiveVersion = 1;
	classes = {
	};
	objectVersion = 51;
	objects = {

/* Begin PBXBuildFile section */
		4D4B009AD680618DC75FB6E9 /* Pods_MovieBoxTests.framework in Frameworks */ = {isa = PBXBuildFile; fileRef = 1DA264613FB1EF269CB41DAD /* Pods_MovieBoxTests.framework */; };
		551CEB3970C4532BE7CE5408 /* Pods_MovieBox.framework in Frameworks */ = {isa = PBXBuildFile; fileRef = 4E2742CEAE0C279E66F455DA /* Pods_MovieBox.framework */; };
		787A76CD841BF6D765531E04 /* Pods_MovieBox_MovieBoxUITests.framework in Frameworks */ = {isa = PBXBuildFile; fileRef = A1E06591544808A1D74216A0 /* Pods_MovieBox_MovieBoxUITests.framework */; };
		B05EA4722686329B00BCC124 /* DashboardViewPresenter.swift in Sources */ = {isa = PBXBuildFile; fileRef = B05EA46C2686329B00BCC124 /* DashboardViewPresenter.swift */; };
		B05EA4732686329B00BCC124 /* DashboardViewPresenter.swift in Sources */ = {isa = PBXBuildFile; fileRef = B05EA46C2686329B00BCC124 /* DashboardViewPresenter.swift */; };
		B05EA4742686329B00BCC124 /* DashboardViewWorker.swift in Sources */ = {isa = PBXBuildFile; fileRef = B05EA46D2686329B00BCC124 /* DashboardViewWorker.swift */; };
		B05EA4752686329B00BCC124 /* DashboardViewWorker.swift in Sources */ = {isa = PBXBuildFile; fileRef = B05EA46D2686329B00BCC124 /* DashboardViewWorker.swift */; };
		B05EA4762686329B00BCC124 /* DashboardViewRouter.swift in Sources */ = {isa = PBXBuildFile; fileRef = B05EA46E2686329B00BCC124 /* DashboardViewRouter.swift */; };
		B05EA4772686329B00BCC124 /* DashboardViewRouter.swift in Sources */ = {isa = PBXBuildFile; fileRef = B05EA46E2686329B00BCC124 /* DashboardViewRouter.swift */; };
		B05EA4782686329B00BCC124 /* DashboardViewModels.swift in Sources */ = {isa = PBXBuildFile; fileRef = B05EA46F2686329B00BCC124 /* DashboardViewModels.swift */; };
		B05EA47C2686329B00BCC124 /* DashboardViewInteractor.swift in Sources */ = {isa = PBXBuildFile; fileRef = B05EA4712686329B00BCC124 /* DashboardViewInteractor.swift */; };
		B05EA47D2686329B00BCC124 /* DashboardViewInteractor.swift in Sources */ = {isa = PBXBuildFile; fileRef = B05EA4712686329B00BCC124 /* DashboardViewInteractor.swift */; };
		B0EEB382268621EA00EF5BEC /* AppDelegate.swift in Sources */ = {isa = PBXBuildFile; fileRef = B0EEB381268621EA00EF5BEC /* AppDelegate.swift */; };
		B0EEB38B268621EA00EF5BEC /* Assets.xcassets in Resources */ = {isa = PBXBuildFile; fileRef = B0EEB38A268621EA00EF5BEC /* Assets.xcassets */; };
		B0EEB38E268621EA00EF5BEC /* LaunchScreen.storyboard in Resources */ = {isa = PBXBuildFile; fileRef = B0EEB38C268621EA00EF5BEC /* LaunchScreen.storyboard */; };
		B0EEB399268621EB00EF5BEC /* MovieBoxTests.swift in Sources */ = {isa = PBXBuildFile; fileRef = B0EEB398268621EB00EF5BEC /* MovieBoxTests.swift */; };
		B0EEB3A4268621EB00EF5BEC /* MovieBoxUITests.swift in Sources */ = {isa = PBXBuildFile; fileRef = B0EEB3A3268621EB00EF5BEC /* MovieBoxUITests.swift */; };
		F4B347032687090700AB6899 /* DashboardViewPresenter.swift in Sources */ = {isa = PBXBuildFile; fileRef = B05EA46C2686329B00BCC124 /* DashboardViewPresenter.swift */; };
		F4B347042687090900AB6899 /* DashboardViewWorker.swift in Sources */ = {isa = PBXBuildFile; fileRef = B05EA46D2686329B00BCC124 /* DashboardViewWorker.swift */; };
		F4B347072687090F00AB6899 /* DashboardViewInteractor.swift in Sources */ = {isa = PBXBuildFile; fileRef = B05EA4712686329B00BCC124 /* DashboardViewInteractor.swift */; };
		F4B3470A2687091900AB6899 /* DashboardViewRouter.swift in Sources */ = {isa = PBXBuildFile; fileRef = B05EA46E2686329B00BCC124 /* DashboardViewRouter.swift */; };
		F4B3470B2687091F00AB6899 /* AppDelegate.swift in Sources */ = {isa = PBXBuildFile; fileRef = B0EEB381268621EA00EF5BEC /* AppDelegate.swift */; };
		F4B3470C2687091F00AB6899 /* AppDelegate.swift in Sources */ = {isa = PBXBuildFile; fileRef = B0EEB381268621EA00EF5BEC /* AppDelegate.swift */; };
		F4B3471026871AA100AB6899 /* DashboardViewController.swift in Sources */ = {isa = PBXBuildFile; fileRef = F4B3470F26871AA100AB6899 /* DashboardViewController.swift */; };
		F4B3471226871B3F00AB6899 /* DashboardViewController+CollectionView.swift in Sources */ = {isa = PBXBuildFile; fileRef = F4B3471126871B3F00AB6899 /* DashboardViewController+CollectionView.swift */; };
		F4B34714268751A800AB6899 /* TransactionURL.swift in Sources */ = {isa = PBXBuildFile; fileRef = F4B34713268751A800AB6899 /* TransactionURL.swift */; };
		F4B34716268752F600AB6899 /* Constants.swift in Sources */ = {isa = PBXBuildFile; fileRef = F4B34715268752F600AB6899 /* Constants.swift */; };
		F4B34718268755A200AB6899 /* DialogBoxUtility.swift in Sources */ = {isa = PBXBuildFile; fileRef = F4B34717268755A200AB6899 /* DialogBoxUtility.swift */; };
		F4B3471B2687605300AB6899 /* MovieCell.swift in Sources */ = {isa = PBXBuildFile; fileRef = F4B3471A2687605300AB6899 /* MovieCell.swift */; };
		F4B3471D2687624D00AB6899 /* Extensions.swift in Sources */ = {isa = PBXBuildFile; fileRef = F4B3471C2687624D00AB6899 /* Extensions.swift */; };
		F4B347202687702E00AB6899 /* CollectionView+Extension.swift in Sources */ = {isa = PBXBuildFile; fileRef = F4B3471F2687702E00AB6899 /* CollectionView+Extension.swift */; };
		F4B34723268773E800AB6899 /* BaseViewController.swift in Sources */ = {isa = PBXBuildFile; fileRef = F4B34722268773E800AB6899 /* BaseViewController.swift */; };
		F4B34726268774A600AB6899 /* LoadingViewUtility.swift in Sources */ = {isa = PBXBuildFile; fileRef = F4B34725268774A600AB6899 /* LoadingViewUtility.swift */; };
		F4B347282687848900AB6899 /* ActivityIndicatorCell.swift in Sources */ = {isa = PBXBuildFile; fileRef = F4B347272687848900AB6899 /* ActivityIndicatorCell.swift */; };
		F4B3472A26879F0600AB6899 /* DashboardViewController+Search.swift in Sources */ = {isa = PBXBuildFile; fileRef = F4B3472926879F0600AB6899 /* DashboardViewController+Search.swift */; };
		F4B3472C2687BF5D00AB6899 /* PersonCell.swift in Sources */ = {isa = PBXBuildFile; fileRef = F4B3472B2687BF5D00AB6899 /* PersonCell.swift */; };
		F4B3472F268845DA00AB6899 /* MovieDetailViewController.swift in Sources */ = {isa = PBXBuildFile; fileRef = F4B3472E268845DA00AB6899 /* MovieDetailViewController.swift */; };
		F4B34730268845DA00AB6899 /* MovieDetailViewController.swift in Sources */ = {isa = PBXBuildFile; fileRef = F4B3472E268845DA00AB6899 /* MovieDetailViewController.swift */; };
		F4B34731268845DA00AB6899 /* MovieDetailViewController.swift in Sources */ = {isa = PBXBuildFile; fileRef = F4B3472E268845DA00AB6899 /* MovieDetailViewController.swift */; };
		F4B34733268845FD00AB6899 /* MovieDetailViewModels.swift in Sources */ = {isa = PBXBuildFile; fileRef = F4B34732268845FD00AB6899 /* MovieDetailViewModels.swift */; };
		F4B34734268845FD00AB6899 /* MovieDetailViewModels.swift in Sources */ = {isa = PBXBuildFile; fileRef = F4B34732268845FD00AB6899 /* MovieDetailViewModels.swift */; };
		F4B34735268845FD00AB6899 /* MovieDetailViewModels.swift in Sources */ = {isa = PBXBuildFile; fileRef = F4B34732268845FD00AB6899 /* MovieDetailViewModels.swift */; };
		F4B347372688461F00AB6899 /* MovieDetailViewRouter.swift in Sources */ = {isa = PBXBuildFile; fileRef = F4B347362688461F00AB6899 /* MovieDetailViewRouter.swift */; };
		F4B347382688461F00AB6899 /* MovieDetailViewRouter.swift in Sources */ = {isa = PBXBuildFile; fileRef = F4B347362688461F00AB6899 /* MovieDetailViewRouter.swift */; };
		F4B347392688461F00AB6899 /* MovieDetailViewRouter.swift in Sources */ = {isa = PBXBuildFile; fileRef = F4B347362688461F00AB6899 /* MovieDetailViewRouter.swift */; };
		F4B3473B2688465800AB6899 /* MovieDetailViewWorker.swift in Sources */ = {isa = PBXBuildFile; fileRef = F4B3473A2688465800AB6899 /* MovieDetailViewWorker.swift */; };
		F4B3473C2688465800AB6899 /* MovieDetailViewWorker.swift in Sources */ = {isa = PBXBuildFile; fileRef = F4B3473A2688465800AB6899 /* MovieDetailViewWorker.swift */; };
		F4B3473D2688465800AB6899 /* MovieDetailViewWorker.swift in Sources */ = {isa = PBXBuildFile; fileRef = F4B3473A2688465800AB6899 /* MovieDetailViewWorker.swift */; };
		F4B3473F2688466B00AB6899 /* MovieDetailViewInteractor.swift in Sources */ = {isa = PBXBuildFile; fileRef = F4B3473E2688466B00AB6899 /* MovieDetailViewInteractor.swift */; };
		F4B347402688466B00AB6899 /* MovieDetailViewInteractor.swift in Sources */ = {isa = PBXBuildFile; fileRef = F4B3473E2688466B00AB6899 /* MovieDetailViewInteractor.swift */; };
		F4B347412688466B00AB6899 /* MovieDetailViewInteractor.swift in Sources */ = {isa = PBXBuildFile; fileRef = F4B3473E2688466B00AB6899 /* MovieDetailViewInteractor.swift */; };
		F4B347432688468200AB6899 /* MovieDetailViewPresenter.swift in Sources */ = {isa = PBXBuildFile; fileRef = F4B347422688468200AB6899 /* MovieDetailViewPresenter.swift */; };
		F4B347442688468200AB6899 /* MovieDetailViewPresenter.swift in Sources */ = {isa = PBXBuildFile; fileRef = F4B347422688468200AB6899 /* MovieDetailViewPresenter.swift */; };
		F4B347452688468200AB6899 /* MovieDetailViewPresenter.swift in Sources */ = {isa = PBXBuildFile; fileRef = F4B347422688468200AB6899 /* MovieDetailViewPresenter.swift */; };
		F4B3474826885AB400AB6899 /* PersonDetailViewController.swift in Sources */ = {isa = PBXBuildFile; fileRef = F4B3474726885AB400AB6899 /* PersonDetailViewController.swift */; };
		F4B3474926885AB400AB6899 /* PersonDetailViewController.swift in Sources */ = {isa = PBXBuildFile; fileRef = F4B3474726885AB400AB6899 /* PersonDetailViewController.swift */; };
		F4B3474A26885AB400AB6899 /* PersonDetailViewController.swift in Sources */ = {isa = PBXBuildFile; fileRef = F4B3474726885AB400AB6899 /* PersonDetailViewController.swift */; };
		F4B3474C26885AC000AB6899 /* PersonDetailViewRouter.swift in Sources */ = {isa = PBXBuildFile; fileRef = F4B3474B26885AC000AB6899 /* PersonDetailViewRouter.swift */; };
		F4B3474D26885AC000AB6899 /* PersonDetailViewRouter.swift in Sources */ = {isa = PBXBuildFile; fileRef = F4B3474B26885AC000AB6899 /* PersonDetailViewRouter.swift */; };
		F4B3474E26885AC000AB6899 /* PersonDetailViewRouter.swift in Sources */ = {isa = PBXBuildFile; fileRef = F4B3474B26885AC000AB6899 /* PersonDetailViewRouter.swift */; };
		F4B3475026885ACE00AB6899 /* PersonDetailViewPresenter.swift in Sources */ = {isa = PBXBuildFile; fileRef = F4B3474F26885ACE00AB6899 /* PersonDetailViewPresenter.swift */; };
		F4B3475126885ACE00AB6899 /* PersonDetailViewPresenter.swift in Sources */ = {isa = PBXBuildFile; fileRef = F4B3474F26885ACE00AB6899 /* PersonDetailViewPresenter.swift */; };
		F4B3475226885ACE00AB6899 /* PersonDetailViewPresenter.swift in Sources */ = {isa = PBXBuildFile; fileRef = F4B3474F26885ACE00AB6899 /* PersonDetailViewPresenter.swift */; };
		F4B3475426885AE800AB6899 /* PersonDetailViewInteractor.swift in Sources */ = {isa = PBXBuildFile; fileRef = F4B3475326885AE800AB6899 /* PersonDetailViewInteractor.swift */; };
		F4B3475526885AE800AB6899 /* PersonDetailViewInteractor.swift in Sources */ = {isa = PBXBuildFile; fileRef = F4B3475326885AE800AB6899 /* PersonDetailViewInteractor.swift */; };
		F4B3475626885AE800AB6899 /* PersonDetailViewInteractor.swift in Sources */ = {isa = PBXBuildFile; fileRef = F4B3475326885AE800AB6899 /* PersonDetailViewInteractor.swift */; };
		F4B3475826885AF600AB6899 /* PersonDetailViewWorker.swift in Sources */ = {isa = PBXBuildFile; fileRef = F4B3475726885AF600AB6899 /* PersonDetailViewWorker.swift */; };
		F4B3475926885AF600AB6899 /* PersonDetailViewWorker.swift in Sources */ = {isa = PBXBuildFile; fileRef = F4B3475726885AF600AB6899 /* PersonDetailViewWorker.swift */; };
		F4B3475A26885AF600AB6899 /* PersonDetailViewWorker.swift in Sources */ = {isa = PBXBuildFile; fileRef = F4B3475726885AF600AB6899 /* PersonDetailViewWorker.swift */; };
		F4B3475C26885B0200AB6899 /* PersonDetailViewModels.swift in Sources */ = {isa = PBXBuildFile; fileRef = F4B3475B26885B0200AB6899 /* PersonDetailViewModels.swift */; };
		F4B3475D26885B0200AB6899 /* PersonDetailViewModels.swift in Sources */ = {isa = PBXBuildFile; fileRef = F4B3475B26885B0200AB6899 /* PersonDetailViewModels.swift */; };
		F4B3475E26885B0200AB6899 /* PersonDetailViewModels.swift in Sources */ = {isa = PBXBuildFile; fileRef = F4B3475B26885B0200AB6899 /* PersonDetailViewModels.swift */; };
		F4B34760268874DC00AB6899 /* PersonDetailViewController+CollectionView.swift in Sources */ = {isa = PBXBuildFile; fileRef = F4B3475F268874DC00AB6899 /* PersonDetailViewController+CollectionView.swift */; };
		F4B34761268874DC00AB6899 /* PersonDetailViewController+CollectionView.swift in Sources */ = {isa = PBXBuildFile; fileRef = F4B3475F268874DC00AB6899 /* PersonDetailViewController+CollectionView.swift */; };
		F4B34762268874DC00AB6899 /* PersonDetailViewController+CollectionView.swift in Sources */ = {isa = PBXBuildFile; fileRef = F4B3475F268874DC00AB6899 /* PersonDetailViewController+CollectionView.swift */; };
		F4B34765268875B600AB6899 /* PersonCastCell.swift in Sources */ = {isa = PBXBuildFile; fileRef = F4B34764268875B600AB6899 /* PersonCastCell.swift */; };
		F4B34766268875B600AB6899 /* PersonCastCell.swift in Sources */ = {isa = PBXBuildFile; fileRef = F4B34764268875B600AB6899 /* PersonCastCell.swift */; };
		F4B34767268875B600AB6899 /* PersonCastCell.swift in Sources */ = {isa = PBXBuildFile; fileRef = F4B34764268875B600AB6899 /* PersonCastCell.swift */; };
		F4B347692688936000AB6899 /* MovieDetailViewController+CollectionView.swift in Sources */ = {isa = PBXBuildFile; fileRef = F4B347682688936000AB6899 /* MovieDetailViewController+CollectionView.swift */; };
		F4B3476A2688936000AB6899 /* MovieDetailViewController+CollectionView.swift in Sources */ = {isa = PBXBuildFile; fileRef = F4B347682688936000AB6899 /* MovieDetailViewController+CollectionView.swift */; };
		F4B3476B2688936000AB6899 /* MovieDetailViewController+CollectionView.swift in Sources */ = {isa = PBXBuildFile; fileRef = F4B347682688936000AB6899 /* MovieDetailViewController+CollectionView.swift */; };
		F4B3476E268894B500AB6899 /* MovieCastCell.swift in Sources */ = {isa = PBXBuildFile; fileRef = F4B3476D268894B500AB6899 /* MovieCastCell.swift */; };
		F4B3476F268894B500AB6899 /* MovieCastCell.swift in Sources */ = {isa = PBXBuildFile; fileRef = F4B3476D268894B500AB6899 /* MovieCastCell.swift */; };
		F4B34770268894B500AB6899 /* MovieCastCell.swift in Sources */ = {isa = PBXBuildFile; fileRef = F4B3476D268894B500AB6899 /* MovieCastCell.swift */; };
		F4B347722688A21500AB6899 /* ColorUtility.swift in Sources */ = {isa = PBXBuildFile; fileRef = F4B347712688A21500AB6899 /* ColorUtility.swift */; };
		F4B347732688A21500AB6899 /* ColorUtility.swift in Sources */ = {isa = PBXBuildFile; fileRef = F4B347712688A21500AB6899 /* ColorUtility.swift */; };
		F4B347742688A21500AB6899 /* ColorUtility.swift in Sources */ = {isa = PBXBuildFile; fileRef = F4B347712688A21500AB6899 /* ColorUtility.swift */; };
		F4B347762688AA9600AB6899 /* SearchBar+Extension.swift in Sources */ = {isa = PBXBuildFile; fileRef = F4B347752688AA9600AB6899 /* SearchBar+Extension.swift */; };
		F4B347772688AA9600AB6899 /* SearchBar+Extension.swift in Sources */ = {isa = PBXBuildFile; fileRef = F4B347752688AA9600AB6899 /* SearchBar+Extension.swift */; };
		F4B347782688AA9600AB6899 /* SearchBar+Extension.swift in Sources */ = {isa = PBXBuildFile; fileRef = F4B347752688AA9600AB6899 /* SearchBar+Extension.swift */; };
		F4B3477A2688AF3900AB6899 /* SectionHeader.swift in Sources */ = {isa = PBXBuildFile; fileRef = F4B347792688AF3900AB6899 /* SectionHeader.swift */; };
		F4B3477B2688AF3900AB6899 /* SectionHeader.swift in Sources */ = {isa = PBXBuildFile; fileRef = F4B347792688AF3900AB6899 /* SectionHeader.swift */; };
		F4B3477C2688AF3900AB6899 /* SectionHeader.swift in Sources */ = {isa = PBXBuildFile; fileRef = F4B347792688AF3900AB6899 /* SectionHeader.swift */; };
		F4B3477E2688B6EF00AB6899 /* FontUtility.swift in Sources */ = {isa = PBXBuildFile; fileRef = F4B3477D2688B6EF00AB6899 /* FontUtility.swift */; };
		F4B3477F2688B6EF00AB6899 /* FontUtility.swift in Sources */ = {isa = PBXBuildFile; fileRef = F4B3477D2688B6EF00AB6899 /* FontUtility.swift */; };
		F4B347802688B6EF00AB6899 /* FontUtility.swift in Sources */ = {isa = PBXBuildFile; fileRef = F4B3477D2688B6EF00AB6899 /* FontUtility.swift */; };
		F4B3478326890FAE00AB6899 /* BiographyViewController.swift in Sources */ = {isa = PBXBuildFile; fileRef = F4B3478226890FAE00AB6899 /* BiographyViewController.swift */; };
		F4B3478426890FAE00AB6899 /* BiographyViewController.swift in Sources */ = {isa = PBXBuildFile; fileRef = F4B3478226890FAE00AB6899 /* BiographyViewController.swift */; };
		F4B3478526890FAE00AB6899 /* BiographyViewController.swift in Sources */ = {isa = PBXBuildFile; fileRef = F4B3478226890FAE00AB6899 /* BiographyViewController.swift */; };
		F4B3478726890FD700AB6899 /* BiographyViewRouter.swift in Sources */ = {isa = PBXBuildFile; fileRef = F4B3478626890FD700AB6899 /* BiographyViewRouter.swift */; };
		F4B3478826890FD700AB6899 /* BiographyViewRouter.swift in Sources */ = {isa = PBXBuildFile; fileRef = F4B3478626890FD700AB6899 /* BiographyViewRouter.swift */; };
		F4B3478926890FD700AB6899 /* BiographyViewRouter.swift in Sources */ = {isa = PBXBuildFile; fileRef = F4B3478626890FD700AB6899 /* BiographyViewRouter.swift */; };
		F4B3478B26890FEC00AB6899 /* BiographyViewInteractor.swift in Sources */ = {isa = PBXBuildFile; fileRef = F4B3478A26890FEC00AB6899 /* BiographyViewInteractor.swift */; };
		F4B3478C26890FEC00AB6899 /* BiographyViewInteractor.swift in Sources */ = {isa = PBXBuildFile; fileRef = F4B3478A26890FEC00AB6899 /* BiographyViewInteractor.swift */; };
		F4B3478D26890FEC00AB6899 /* BiographyViewInteractor.swift in Sources */ = {isa = PBXBuildFile; fileRef = F4B3478A26890FEC00AB6899 /* BiographyViewInteractor.swift */; };
/* End PBXBuildFile section */

/* Begin PBXContainerItemProxy section */
		B0EEB395268621EB00EF5BEC /* PBXContainerItemProxy */ = {
			isa = PBXContainerItemProxy;
			containerPortal = B0EEB376268621EA00EF5BEC /* Project object */;
			proxyType = 1;
			remoteGlobalIDString = B0EEB37D268621EA00EF5BEC;
			remoteInfo = MovieBox;
		};
		B0EEB3A0268621EB00EF5BEC /* PBXContainerItemProxy */ = {
			isa = PBXContainerItemProxy;
			containerPortal = B0EEB376268621EA00EF5BEC /* Project object */;
			proxyType = 1;
			remoteGlobalIDString = B0EEB37D268621EA00EF5BEC;
			remoteInfo = MovieBox;
		};
/* End PBXContainerItemProxy section */

/* Begin PBXFileReference section */
		1DA264613FB1EF269CB41DAD /* Pods_MovieBoxTests.framework */ = {isa = PBXFileReference; explicitFileType = wrapper.framework; includeInIndex = 0; path = Pods_MovieBoxTests.framework; sourceTree = BUILT_PRODUCTS_DIR; };
		25419BBCB7A884064E00E3AD /* Pods-MovieBoxTests.debug.xcconfig */ = {isa = PBXFileReference; includeInIndex = 1; lastKnownFileType = text.xcconfig; name = "Pods-MovieBoxTests.debug.xcconfig"; path = "Target Support Files/Pods-MovieBoxTests/Pods-MovieBoxTests.debug.xcconfig"; sourceTree = "<group>"; };
		4E2742CEAE0C279E66F455DA /* Pods_MovieBox.framework */ = {isa = PBXFileReference; explicitFileType = wrapper.framework; includeInIndex = 0; path = Pods_MovieBox.framework; sourceTree = BUILT_PRODUCTS_DIR; };
		A1E06591544808A1D74216A0 /* Pods_MovieBox_MovieBoxUITests.framework */ = {isa = PBXFileReference; explicitFileType = wrapper.framework; includeInIndex = 0; path = Pods_MovieBox_MovieBoxUITests.framework; sourceTree = BUILT_PRODUCTS_DIR; };
		A60B9F5E8B539CE6985CC8EC /* Pods-MovieBox.debug.xcconfig */ = {isa = PBXFileReference; includeInIndex = 1; lastKnownFileType = text.xcconfig; name = "Pods-MovieBox.debug.xcconfig"; path = "Target Support Files/Pods-MovieBox/Pods-MovieBox.debug.xcconfig"; sourceTree = "<group>"; };
		AE5DB17C4257E09DC89F45FB /* Pods-MovieBox-MovieBoxUITests.debug.xcconfig */ = {isa = PBXFileReference; includeInIndex = 1; lastKnownFileType = text.xcconfig; name = "Pods-MovieBox-MovieBoxUITests.debug.xcconfig"; path = "Target Support Files/Pods-MovieBox-MovieBoxUITests/Pods-MovieBox-MovieBoxUITests.debug.xcconfig"; sourceTree = "<group>"; };
		B05EA46C2686329B00BCC124 /* DashboardViewPresenter.swift */ = {isa = PBXFileReference; lastKnownFileType = sourcecode.swift; path = DashboardViewPresenter.swift; sourceTree = "<group>"; };
		B05EA46D2686329B00BCC124 /* DashboardViewWorker.swift */ = {isa = PBXFileReference; lastKnownFileType = sourcecode.swift; path = DashboardViewWorker.swift; sourceTree = "<group>"; };
		B05EA46E2686329B00BCC124 /* DashboardViewRouter.swift */ = {isa = PBXFileReference; lastKnownFileType = sourcecode.swift; path = DashboardViewRouter.swift; sourceTree = "<group>"; };
		B05EA46F2686329B00BCC124 /* DashboardViewModels.swift */ = {isa = PBXFileReference; lastKnownFileType = sourcecode.swift; path = DashboardViewModels.swift; sourceTree = "<group>"; };
		B05EA4712686329B00BCC124 /* DashboardViewInteractor.swift */ = {isa = PBXFileReference; lastKnownFileType = sourcecode.swift; path = DashboardViewInteractor.swift; sourceTree = "<group>"; };
		B0EEB37E268621EA00EF5BEC /* MovieBox.app */ = {isa = PBXFileReference; explicitFileType = wrapper.application; includeInIndex = 0; path = MovieBox.app; sourceTree = BUILT_PRODUCTS_DIR; };
		B0EEB381268621EA00EF5BEC /* AppDelegate.swift */ = {isa = PBXFileReference; lastKnownFileType = sourcecode.swift; path = AppDelegate.swift; sourceTree = "<group>"; };
		B0EEB38A268621EA00EF5BEC /* Assets.xcassets */ = {isa = PBXFileReference; lastKnownFileType = folder.assetcatalog; path = Assets.xcassets; sourceTree = "<group>"; };
		B0EEB38D268621EA00EF5BEC /* Base */ = {isa = PBXFileReference; lastKnownFileType = file.storyboard; name = Base; path = Base.lproj/LaunchScreen.storyboard; sourceTree = "<group>"; };
		B0EEB38F268621EA00EF5BEC /* Info.plist */ = {isa = PBXFileReference; lastKnownFileType = text.plist.xml; path = Info.plist; sourceTree = "<group>"; };
		B0EEB394268621EB00EF5BEC /* MovieBoxTests.xctest */ = {isa = PBXFileReference; explicitFileType = wrapper.cfbundle; includeInIndex = 0; path = MovieBoxTests.xctest; sourceTree = BUILT_PRODUCTS_DIR; };
		B0EEB398268621EB00EF5BEC /* MovieBoxTests.swift */ = {isa = PBXFileReference; lastKnownFileType = sourcecode.swift; path = MovieBoxTests.swift; sourceTree = "<group>"; };
		B0EEB39A268621EB00EF5BEC /* Info.plist */ = {isa = PBXFileReference; lastKnownFileType = text.plist.xml; path = Info.plist; sourceTree = "<group>"; };
		B0EEB39F268621EB00EF5BEC /* MovieBoxUITests.xctest */ = {isa = PBXFileReference; explicitFileType = wrapper.cfbundle; includeInIndex = 0; path = MovieBoxUITests.xctest; sourceTree = BUILT_PRODUCTS_DIR; };
		B0EEB3A3268621EB00EF5BEC /* MovieBoxUITests.swift */ = {isa = PBXFileReference; lastKnownFileType = sourcecode.swift; path = MovieBoxUITests.swift; sourceTree = "<group>"; };
		B0EEB3A5268621EB00EF5BEC /* Info.plist */ = {isa = PBXFileReference; lastKnownFileType = text.plist.xml; path = Info.plist; sourceTree = "<group>"; };
		B3FF1A2FD0731D8914378282 /* Pods-MovieBox.release.xcconfig */ = {isa = PBXFileReference; includeInIndex = 1; lastKnownFileType = text.xcconfig; name = "Pods-MovieBox.release.xcconfig"; path = "Target Support Files/Pods-MovieBox/Pods-MovieBox.release.xcconfig"; sourceTree = "<group>"; };
		CBB989449C86584332545A5F /* Pods-MovieBoxTests.release.xcconfig */ = {isa = PBXFileReference; includeInIndex = 1; lastKnownFileType = text.xcconfig; name = "Pods-MovieBoxTests.release.xcconfig"; path = "Target Support Files/Pods-MovieBoxTests/Pods-MovieBoxTests.release.xcconfig"; sourceTree = "<group>"; };
		D3793FFFCBEB36238FEFE980 /* Pods-MovieBox-MovieBoxUITests.release.xcconfig */ = {isa = PBXFileReference; includeInIndex = 1; lastKnownFileType = text.xcconfig; name = "Pods-MovieBox-MovieBoxUITests.release.xcconfig"; path = "Target Support Files/Pods-MovieBox-MovieBoxUITests/Pods-MovieBox-MovieBoxUITests.release.xcconfig"; sourceTree = "<group>"; };
		F4B3470F26871AA100AB6899 /* DashboardViewController.swift */ = {isa = PBXFileReference; lastKnownFileType = sourcecode.swift; path = DashboardViewController.swift; sourceTree = "<group>"; };
		F4B3471126871B3F00AB6899 /* DashboardViewController+CollectionView.swift */ = {isa = PBXFileReference; lastKnownFileType = sourcecode.swift; path = "DashboardViewController+CollectionView.swift"; sourceTree = "<group>"; };
		F4B34713268751A800AB6899 /* TransactionURL.swift */ = {isa = PBXFileReference; lastKnownFileType = sourcecode.swift; path = TransactionURL.swift; sourceTree = "<group>"; };
		F4B34715268752F600AB6899 /* Constants.swift */ = {isa = PBXFileReference; lastKnownFileType = sourcecode.swift; path = Constants.swift; sourceTree = "<group>"; };
		F4B34717268755A200AB6899 /* DialogBoxUtility.swift */ = {isa = PBXFileReference; lastKnownFileType = sourcecode.swift; path = DialogBoxUtility.swift; sourceTree = "<group>"; };
		F4B3471A2687605300AB6899 /* MovieCell.swift */ = {isa = PBXFileReference; lastKnownFileType = sourcecode.swift; path = MovieCell.swift; sourceTree = "<group>"; };
		F4B3471C2687624D00AB6899 /* Extensions.swift */ = {isa = PBXFileReference; lastKnownFileType = sourcecode.swift; path = Extensions.swift; sourceTree = "<group>"; };
		F4B3471F2687702E00AB6899 /* CollectionView+Extension.swift */ = {isa = PBXFileReference; lastKnownFileType = sourcecode.swift; path = "CollectionView+Extension.swift"; sourceTree = "<group>"; };
		F4B34722268773E800AB6899 /* BaseViewController.swift */ = {isa = PBXFileReference; lastKnownFileType = sourcecode.swift; path = BaseViewController.swift; sourceTree = "<group>"; };
		F4B34725268774A600AB6899 /* LoadingViewUtility.swift */ = {isa = PBXFileReference; lastKnownFileType = sourcecode.swift; path = LoadingViewUtility.swift; sourceTree = "<group>"; };
		F4B347272687848900AB6899 /* ActivityIndicatorCell.swift */ = {isa = PBXFileReference; lastKnownFileType = sourcecode.swift; path = ActivityIndicatorCell.swift; sourceTree = "<group>"; };
		F4B3472926879F0600AB6899 /* DashboardViewController+Search.swift */ = {isa = PBXFileReference; lastKnownFileType = sourcecode.swift; path = "DashboardViewController+Search.swift"; sourceTree = "<group>"; };
		F4B3472B2687BF5D00AB6899 /* PersonCell.swift */ = {isa = PBXFileReference; lastKnownFileType = sourcecode.swift; path = PersonCell.swift; sourceTree = "<group>"; };
		F4B3472E268845DA00AB6899 /* MovieDetailViewController.swift */ = {isa = PBXFileReference; lastKnownFileType = sourcecode.swift; path = MovieDetailViewController.swift; sourceTree = "<group>"; };
		F4B34732268845FD00AB6899 /* MovieDetailViewModels.swift */ = {isa = PBXFileReference; lastKnownFileType = sourcecode.swift; path = MovieDetailViewModels.swift; sourceTree = "<group>"; };
		F4B347362688461F00AB6899 /* MovieDetailViewRouter.swift */ = {isa = PBXFileReference; lastKnownFileType = sourcecode.swift; path = MovieDetailViewRouter.swift; sourceTree = "<group>"; };
		F4B3473A2688465800AB6899 /* MovieDetailViewWorker.swift */ = {isa = PBXFileReference; lastKnownFileType = sourcecode.swift; path = MovieDetailViewWorker.swift; sourceTree = "<group>"; };
		F4B3473E2688466B00AB6899 /* MovieDetailViewInteractor.swift */ = {isa = PBXFileReference; lastKnownFileType = sourcecode.swift; path = MovieDetailViewInteractor.swift; sourceTree = "<group>"; };
		F4B347422688468200AB6899 /* MovieDetailViewPresenter.swift */ = {isa = PBXFileReference; lastKnownFileType = sourcecode.swift; path = MovieDetailViewPresenter.swift; sourceTree = "<group>"; };
		F4B3474726885AB400AB6899 /* PersonDetailViewController.swift */ = {isa = PBXFileReference; lastKnownFileType = sourcecode.swift; path = PersonDetailViewController.swift; sourceTree = "<group>"; };
		F4B3474B26885AC000AB6899 /* PersonDetailViewRouter.swift */ = {isa = PBXFileReference; lastKnownFileType = sourcecode.swift; path = PersonDetailViewRouter.swift; sourceTree = "<group>"; };
		F4B3474F26885ACE00AB6899 /* PersonDetailViewPresenter.swift */ = {isa = PBXFileReference; lastKnownFileType = sourcecode.swift; path = PersonDetailViewPresenter.swift; sourceTree = "<group>"; };
		F4B3475326885AE800AB6899 /* PersonDetailViewInteractor.swift */ = {isa = PBXFileReference; lastKnownFileType = sourcecode.swift; path = PersonDetailViewInteractor.swift; sourceTree = "<group>"; };
		F4B3475726885AF600AB6899 /* PersonDetailViewWorker.swift */ = {isa = PBXFileReference; lastKnownFileType = sourcecode.swift; path = PersonDetailViewWorker.swift; sourceTree = "<group>"; };
		F4B3475B26885B0200AB6899 /* PersonDetailViewModels.swift */ = {isa = PBXFileReference; lastKnownFileType = sourcecode.swift; path = PersonDetailViewModels.swift; sourceTree = "<group>"; };
		F4B3475F268874DC00AB6899 /* PersonDetailViewController+CollectionView.swift */ = {isa = PBXFileReference; lastKnownFileType = sourcecode.swift; path = "PersonDetailViewController+CollectionView.swift"; sourceTree = "<group>"; };
		F4B34764268875B600AB6899 /* PersonCastCell.swift */ = {isa = PBXFileReference; lastKnownFileType = sourcecode.swift; path = PersonCastCell.swift; sourceTree = "<group>"; };
		F4B347682688936000AB6899 /* MovieDetailViewController+CollectionView.swift */ = {isa = PBXFileReference; lastKnownFileType = sourcecode.swift; path = "MovieDetailViewController+CollectionView.swift"; sourceTree = "<group>"; };
		F4B3476D268894B500AB6899 /* MovieCastCell.swift */ = {isa = PBXFileReference; lastKnownFileType = sourcecode.swift; path = MovieCastCell.swift; sourceTree = "<group>"; };
		F4B347712688A21500AB6899 /* ColorUtility.swift */ = {isa = PBXFileReference; lastKnownFileType = sourcecode.swift; path = ColorUtility.swift; sourceTree = "<group>"; };
		F4B347752688AA9600AB6899 /* SearchBar+Extension.swift */ = {isa = PBXFileReference; lastKnownFileType = sourcecode.swift; path = "SearchBar+Extension.swift"; sourceTree = "<group>"; };
		F4B347792688AF3900AB6899 /* SectionHeader.swift */ = {isa = PBXFileReference; lastKnownFileType = sourcecode.swift; path = SectionHeader.swift; sourceTree = "<group>"; };
		F4B3477D2688B6EF00AB6899 /* FontUtility.swift */ = {isa = PBXFileReference; lastKnownFileType = sourcecode.swift; path = FontUtility.swift; sourceTree = "<group>"; };
		F4B3478226890FAE00AB6899 /* BiographyViewController.swift */ = {isa = PBXFileReference; lastKnownFileType = sourcecode.swift; path = BiographyViewController.swift; sourceTree = "<group>"; };
		F4B3478626890FD700AB6899 /* BiographyViewRouter.swift */ = {isa = PBXFileReference; lastKnownFileType = sourcecode.swift; path = BiographyViewRouter.swift; sourceTree = "<group>"; };
		F4B3478A26890FEC00AB6899 /* BiographyViewInteractor.swift */ = {isa = PBXFileReference; lastKnownFileType = sourcecode.swift; path = BiographyViewInteractor.swift; sourceTree = "<group>"; };
/* End PBXFileReference section */

/* Begin PBXFrameworksBuildPhase section */
		B0EEB37B268621EA00EF5BEC /* Frameworks */ = {
			isa = PBXFrameworksBuildPhase;
			buildActionMask = 2147483647;
			files = (
				551CEB3970C4532BE7CE5408 /* Pods_MovieBox.framework in Frameworks */,
			);
			runOnlyForDeploymentPostprocessing = 0;
		};
		B0EEB391268621EB00EF5BEC /* Frameworks */ = {
			isa = PBXFrameworksBuildPhase;
			buildActionMask = 2147483647;
			files = (
				4D4B009AD680618DC75FB6E9 /* Pods_MovieBoxTests.framework in Frameworks */,
			);
			runOnlyForDeploymentPostprocessing = 0;
		};
		B0EEB39C268621EB00EF5BEC /* Frameworks */ = {
			isa = PBXFrameworksBuildPhase;
			buildActionMask = 2147483647;
			files = (
				787A76CD841BF6D765531E04 /* Pods_MovieBox_MovieBoxUITests.framework in Frameworks */,
			);
			runOnlyForDeploymentPostprocessing = 0;
		};
/* End PBXFrameworksBuildPhase section */

/* Begin PBXGroup section */
		1A190B1C82E8CB8854307E80 /* Frameworks */ = {
			isa = PBXGroup;
			children = (
				4E2742CEAE0C279E66F455DA /* Pods_MovieBox.framework */,
				A1E06591544808A1D74216A0 /* Pods_MovieBox_MovieBoxUITests.framework */,
				1DA264613FB1EF269CB41DAD /* Pods_MovieBoxTests.framework */,
			);
			name = Frameworks;
			sourceTree = "<group>";
		};
		4C0CDEBAB8AE2563D49A2AE6 /* Pods */ = {
			isa = PBXGroup;
			children = (
				A60B9F5E8B539CE6985CC8EC /* Pods-MovieBox.debug.xcconfig */,
				B3FF1A2FD0731D8914378282 /* Pods-MovieBox.release.xcconfig */,
				AE5DB17C4257E09DC89F45FB /* Pods-MovieBox-MovieBoxUITests.debug.xcconfig */,
				D3793FFFCBEB36238FEFE980 /* Pods-MovieBox-MovieBoxUITests.release.xcconfig */,
				25419BBCB7A884064E00E3AD /* Pods-MovieBoxTests.debug.xcconfig */,
				CBB989449C86584332545A5F /* Pods-MovieBoxTests.release.xcconfig */,
			);
			path = Pods;
			sourceTree = "<group>";
		};
		B0EEB375268621EA00EF5BEC = {
			isa = PBXGroup;
			children = (
				B0EEB380268621EA00EF5BEC /* MovieBox */,
				B0EEB397268621EB00EF5BEC /* MovieBoxTests */,
				B0EEB3A2268621EB00EF5BEC /* MovieBoxUITests */,
				B0EEB37F268621EA00EF5BEC /* Products */,
				4C0CDEBAB8AE2563D49A2AE6 /* Pods */,
				1A190B1C82E8CB8854307E80 /* Frameworks */,
			);
			sourceTree = "<group>";
		};
		B0EEB37F268621EA00EF5BEC /* Products */ = {
			isa = PBXGroup;
			children = (
				B0EEB37E268621EA00EF5BEC /* MovieBox.app */,
				B0EEB394268621EB00EF5BEC /* MovieBoxTests.xctest */,
				B0EEB39F268621EB00EF5BEC /* MovieBoxUITests.xctest */,
			);
			name = Products;
			sourceTree = "<group>";
		};
		B0EEB380268621EA00EF5BEC /* MovieBox */ = {
			isa = PBXGroup;
			children = (
				F4B347242687748300AB6899 /* Utility */,
				F4B34721268773D100AB6899 /* Base */,
				F4B3471E2687701C00AB6899 /* Extension */,
				F4B346FE268708B000AB6899 /* Common */,
				B0EEB3B126862FAA00EF5BEC /* Dashboard */,
				F4B3472D2688459600AB6899 /* MovieDetail */,
				F4B3474626885A8E00AB6899 /* PersonDetail */,
				B0EEB381268621EA00EF5BEC /* AppDelegate.swift */,
				B0EEB38A268621EA00EF5BEC /* Assets.xcassets */,
				B0EEB38C268621EA00EF5BEC /* LaunchScreen.storyboard */,
				B0EEB38F268621EA00EF5BEC /* Info.plist */,
			);
			path = MovieBox;
			sourceTree = "<group>";
		};
		B0EEB397268621EB00EF5BEC /* MovieBoxTests */ = {
			isa = PBXGroup;
			children = (
				B0EEB398268621EB00EF5BEC /* MovieBoxTests.swift */,
				B0EEB39A268621EB00EF5BEC /* Info.plist */,
			);
			path = MovieBoxTests;
			sourceTree = "<group>";
		};
		B0EEB3A2268621EB00EF5BEC /* MovieBoxUITests */ = {
			isa = PBXGroup;
			children = (
				B0EEB3A3268621EB00EF5BEC /* MovieBoxUITests.swift */,
				B0EEB3A5268621EB00EF5BEC /* Info.plist */,
			);
			path = MovieBoxUITests;
			sourceTree = "<group>";
		};
		B0EEB3B126862FAA00EF5BEC /* Dashboard */ = {
			isa = PBXGroup;
			children = (
				F4B347192687603000AB6899 /* Cells */,
				B05EA46F2686329B00BCC124 /* DashboardViewModels.swift */,
				B05EA46D2686329B00BCC124 /* DashboardViewWorker.swift */,
				B05EA4712686329B00BCC124 /* DashboardViewInteractor.swift */,
				B05EA46C2686329B00BCC124 /* DashboardViewPresenter.swift */,
				F4B3470F26871AA100AB6899 /* DashboardViewController.swift */,
				F4B3471126871B3F00AB6899 /* DashboardViewController+CollectionView.swift */,
				F4B3472926879F0600AB6899 /* DashboardViewController+Search.swift */,
				B05EA46E2686329B00BCC124 /* DashboardViewRouter.swift */,
			);
			path = Dashboard;
			sourceTree = "<group>";
		};
		F4B346FE268708B000AB6899 /* Common */ = {
			isa = PBXGroup;
			children = (
				F4B34713268751A800AB6899 /* TransactionURL.swift */,
				F4B34715268752F600AB6899 /* Constants.swift */,
				F4B3471C2687624D00AB6899 /* Extensions.swift */,
			);
			path = Common;
			sourceTree = "<group>";
		};
		F4B347192687603000AB6899 /* Cells */ = {
			isa = PBXGroup;
			children = (
				F4B3471A2687605300AB6899 /* MovieCell.swift */,
				F4B347272687848900AB6899 /* ActivityIndicatorCell.swift */,
				F4B3472B2687BF5D00AB6899 /* PersonCell.swift */,
				F4B347792688AF3900AB6899 /* SectionHeader.swift */,
			);
			path = Cells;
			sourceTree = "<group>";
		};
		F4B3471E2687701C00AB6899 /* Extension */ = {
			isa = PBXGroup;
			children = (
				F4B3471F2687702E00AB6899 /* CollectionView+Extension.swift */,
				F4B347752688AA9600AB6899 /* SearchBar+Extension.swift */,
			);
			path = Extension;
			sourceTree = "<group>";
		};
		F4B34721268773D100AB6899 /* Base */ = {
			isa = PBXGroup;
			children = (
				F4B34722268773E800AB6899 /* BaseViewController.swift */,
			);
			path = Base;
			sourceTree = "<group>";
		};
		F4B347242687748300AB6899 /* Utility */ = {
			isa = PBXGroup;
			children = (
				F4B34717268755A200AB6899 /* DialogBoxUtility.swift */,
				F4B34725268774A600AB6899 /* LoadingViewUtility.swift */,
				F4B347712688A21500AB6899 /* ColorUtility.swift */,
				F4B3477D2688B6EF00AB6899 /* FontUtility.swift */,
			);
			path = Utility;
			sourceTree = "<group>";
		};
		F4B3472D2688459600AB6899 /* MovieDetail */ = {
			isa = PBXGroup;
			children = (
				F4B3476C268894A600AB6899 /* Cell */,
				F4B34732268845FD00AB6899 /* MovieDetailViewModels.swift */,
				F4B3473A2688465800AB6899 /* MovieDetailViewWorker.swift */,
				F4B3473E2688466B00AB6899 /* MovieDetailViewInteractor.swift */,
				F4B347422688468200AB6899 /* MovieDetailViewPresenter.swift */,
				F4B3472E268845DA00AB6899 /* MovieDetailViewController.swift */,
				F4B347682688936000AB6899 /* MovieDetailViewController+CollectionView.swift */,
				F4B347362688461F00AB6899 /* MovieDetailViewRouter.swift */,
			);
			path = MovieDetail;
			sourceTree = "<group>";
		};
		F4B3474626885A8E00AB6899 /* PersonDetail */ = {
			isa = PBXGroup;
			children = (
				F4B3478126890F7100AB6899 /* Biography */,
				F4B347632688759C00AB6899 /* Cell */,
				F4B3475B26885B0200AB6899 /* PersonDetailViewModels.swift */,
				F4B3475726885AF600AB6899 /* PersonDetailViewWorker.swift */,
				F4B3475326885AE800AB6899 /* PersonDetailViewInteractor.swift */,
				F4B3474F26885ACE00AB6899 /* PersonDetailViewPresenter.swift */,
				F4B3474726885AB400AB6899 /* PersonDetailViewController.swift */,
				F4B3475F268874DC00AB6899 /* PersonDetailViewController+CollectionView.swift */,
				F4B3474B26885AC000AB6899 /* PersonDetailViewRouter.swift */,
			);
			path = PersonDetail;
			sourceTree = "<group>";
		};
		F4B347632688759C00AB6899 /* Cell */ = {
			isa = PBXGroup;
			children = (
				F4B34764268875B600AB6899 /* PersonCastCell.swift */,
			);
			path = Cell;
			sourceTree = "<group>";
		};
		F4B3476C268894A600AB6899 /* Cell */ = {
			isa = PBXGroup;
			children = (
				F4B3476D268894B500AB6899 /* MovieCastCell.swift */,
			);
			path = Cell;
			sourceTree = "<group>";
		};
		F4B3478126890F7100AB6899 /* Biography */ = {
			isa = PBXGroup;
			children = (
				F4B3478226890FAE00AB6899 /* BiographyViewController.swift */,
				F4B3478626890FD700AB6899 /* BiographyViewRouter.swift */,
				F4B3478A26890FEC00AB6899 /* BiographyViewInteractor.swift */,
			);
			path = Biography;
			sourceTree = "<group>";
		};
/* End PBXGroup section */

/* Begin PBXNativeTarget section */
		B0EEB37D268621EA00EF5BEC /* MovieBox */ = {
			isa = PBXNativeTarget;
			buildConfigurationList = B0EEB3A8268621EB00EF5BEC /* Build configuration list for PBXNativeTarget "MovieBox" */;
			buildPhases = (
				32C111E9A4D3B9529DA4162A /* [CP] Check Pods Manifest.lock */,
				B0EEB37A268621EA00EF5BEC /* Sources */,
				B0EEB37B268621EA00EF5BEC /* Frameworks */,
				B0EEB37C268621EA00EF5BEC /* Resources */,
				3FF783C7CE8783064ADFB000 /* [CP] Embed Pods Frameworks */,
			);
			buildRules = (
			);
			dependencies = (
			);
			name = MovieBox;
			productName = MovieBox;
			productReference = B0EEB37E268621EA00EF5BEC /* MovieBox.app */;
			productType = "com.apple.product-type.application";
		};
		B0EEB393268621EB00EF5BEC /* MovieBoxTests */ = {
			isa = PBXNativeTarget;
			buildConfigurationList = B0EEB3AB268621EB00EF5BEC /* Build configuration list for PBXNativeTarget "MovieBoxTests" */;
			buildPhases = (
				78313E8942BF4A33B7F83577 /* [CP] Check Pods Manifest.lock */,
				B0EEB390268621EB00EF5BEC /* Sources */,
				B0EEB391268621EB00EF5BEC /* Frameworks */,
				B0EEB392268621EB00EF5BEC /* Resources */,
			);
			buildRules = (
			);
			dependencies = (
				B0EEB396268621EB00EF5BEC /* PBXTargetDependency */,
			);
			name = MovieBoxTests;
			productName = MovieBoxTests;
			productReference = B0EEB394268621EB00EF5BEC /* MovieBoxTests.xctest */;
			productType = "com.apple.product-type.bundle.unit-test";
		};
		B0EEB39E268621EB00EF5BEC /* MovieBoxUITests */ = {
			isa = PBXNativeTarget;
			buildConfigurationList = B0EEB3AE268621EB00EF5BEC /* Build configuration list for PBXNativeTarget "MovieBoxUITests" */;
			buildPhases = (
				52E50AAF1211FE5154A02417 /* [CP] Check Pods Manifest.lock */,
				B0EEB39B268621EB00EF5BEC /* Sources */,
				B0EEB39C268621EB00EF5BEC /* Frameworks */,
				B0EEB39D268621EB00EF5BEC /* Resources */,
				9C6B412F1C5FBAFCACBBDCB3 /* [CP] Embed Pods Frameworks */,
			);
			buildRules = (
			);
			dependencies = (
				B0EEB3A1268621EB00EF5BEC /* PBXTargetDependency */,
			);
			name = MovieBoxUITests;
			productName = MovieBoxUITests;
			productReference = B0EEB39F268621EB00EF5BEC /* MovieBoxUITests.xctest */;
			productType = "com.apple.product-type.bundle.ui-testing";
		};
/* End PBXNativeTarget section */

/* Begin PBXProject section */
		B0EEB376268621EA00EF5BEC /* Project object */ = {
			isa = PBXProject;
			attributes = {
				LastSwiftUpdateCheck = 1250;
				LastUpgradeCheck = 1250;
				TargetAttributes = {
					B0EEB37D268621EA00EF5BEC = {
						CreatedOnToolsVersion = 12.5.1;
					};
					B0EEB393268621EB00EF5BEC = {
						CreatedOnToolsVersion = 12.5.1;
						TestTargetID = B0EEB37D268621EA00EF5BEC;
					};
					B0EEB39E268621EB00EF5BEC = {
						CreatedOnToolsVersion = 12.5.1;
						TestTargetID = B0EEB37D268621EA00EF5BEC;
					};
				};
			};
			buildConfigurationList = B0EEB379268621EA00EF5BEC /* Build configuration list for PBXProject "MovieBox" */;
			compatibilityVersion = "Xcode 9.3";
			developmentRegion = en;
			hasScannedForEncodings = 0;
			knownRegions = (
				en,
				Base,
			);
			mainGroup = B0EEB375268621EA00EF5BEC;
			productRefGroup = B0EEB37F268621EA00EF5BEC /* Products */;
			projectDirPath = "";
			projectRoot = "";
			targets = (
				B0EEB37D268621EA00EF5BEC /* MovieBox */,
				B0EEB393268621EB00EF5BEC /* MovieBoxTests */,
				B0EEB39E268621EB00EF5BEC /* MovieBoxUITests */,
			);
		};
/* End PBXProject section */

/* Begin PBXResourcesBuildPhase section */
		B0EEB37C268621EA00EF5BEC /* Resources */ = {
			isa = PBXResourcesBuildPhase;
			buildActionMask = 2147483647;
			files = (
				B0EEB38E268621EA00EF5BEC /* LaunchScreen.storyboard in Resources */,
				B0EEB38B268621EA00EF5BEC /* Assets.xcassets in Resources */,
			);
			runOnlyForDeploymentPostprocessing = 0;
		};
		B0EEB392268621EB00EF5BEC /* Resources */ = {
			isa = PBXResourcesBuildPhase;
			buildActionMask = 2147483647;
			files = (
			);
			runOnlyForDeploymentPostprocessing = 0;
		};
		B0EEB39D268621EB00EF5BEC /* Resources */ = {
			isa = PBXResourcesBuildPhase;
			buildActionMask = 2147483647;
			files = (
			);
			runOnlyForDeploymentPostprocessing = 0;
		};
/* End PBXResourcesBuildPhase section */

/* Begin PBXShellScriptBuildPhase section */
		32C111E9A4D3B9529DA4162A /* [CP] Check Pods Manifest.lock */ = {
			isa = PBXShellScriptBuildPhase;
			buildActionMask = 2147483647;
			files = (
			);
			inputFileListPaths = (
			);
			inputPaths = (
				"${PODS_PODFILE_DIR_PATH}/Podfile.lock",
				"${PODS_ROOT}/Manifest.lock",
			);
			name = "[CP] Check Pods Manifest.lock";
			outputFileListPaths = (
			);
			outputPaths = (
				"$(DERIVED_FILE_DIR)/Pods-MovieBox-checkManifestLockResult.txt",
			);
			runOnlyForDeploymentPostprocessing = 0;
			shellPath = /bin/sh;
			shellScript = "diff \"${PODS_PODFILE_DIR_PATH}/Podfile.lock\" \"${PODS_ROOT}/Manifest.lock\" > /dev/null\nif [ $? != 0 ] ; then\n    # print error to STDERR\n    echo \"error: The sandbox is not in sync with the Podfile.lock. Run 'pod install' or update your CocoaPods installation.\" >&2\n    exit 1\nfi\n# This output is used by Xcode 'outputs' to avoid re-running this script phase.\necho \"SUCCESS\" > \"${SCRIPT_OUTPUT_FILE_0}\"\n";
			showEnvVarsInLog = 0;
		};
		3FF783C7CE8783064ADFB000 /* [CP] Embed Pods Frameworks */ = {
			isa = PBXShellScriptBuildPhase;
			buildActionMask = 2147483647;
			files = (
			);
			inputFileListPaths = (
				"${PODS_ROOT}/Target Support Files/Pods-MovieBox/Pods-MovieBox-frameworks-${CONFIGURATION}-input-files.xcfilelist",
			);
			name = "[CP] Embed Pods Frameworks";
			outputFileListPaths = (
				"${PODS_ROOT}/Target Support Files/Pods-MovieBox/Pods-MovieBox-frameworks-${CONFIGURATION}-output-files.xcfilelist",
			);
			runOnlyForDeploymentPostprocessing = 0;
			shellPath = /bin/sh;
			shellScript = "\"${PODS_ROOT}/Target Support Files/Pods-MovieBox/Pods-MovieBox-frameworks.sh\"\n";
			showEnvVarsInLog = 0;
		};
		52E50AAF1211FE5154A02417 /* [CP] Check Pods Manifest.lock */ = {
			isa = PBXShellScriptBuildPhase;
			buildActionMask = 2147483647;
			files = (
			);
			inputFileListPaths = (
			);
			inputPaths = (
				"${PODS_PODFILE_DIR_PATH}/Podfile.lock",
				"${PODS_ROOT}/Manifest.lock",
			);
			name = "[CP] Check Pods Manifest.lock";
			outputFileListPaths = (
			);
			outputPaths = (
				"$(DERIVED_FILE_DIR)/Pods-MovieBox-MovieBoxUITests-checkManifestLockResult.txt",
			);
			runOnlyForDeploymentPostprocessing = 0;
			shellPath = /bin/sh;
			shellScript = "diff \"${PODS_PODFILE_DIR_PATH}/Podfile.lock\" \"${PODS_ROOT}/Manifest.lock\" > /dev/null\nif [ $? != 0 ] ; then\n    # print error to STDERR\n    echo \"error: The sandbox is not in sync with the Podfile.lock. Run 'pod install' or update your CocoaPods installation.\" >&2\n    exit 1\nfi\n# This output is used by Xcode 'outputs' to avoid re-running this script phase.\necho \"SUCCESS\" > \"${SCRIPT_OUTPUT_FILE_0}\"\n";
			showEnvVarsInLog = 0;
		};
		78313E8942BF4A33B7F83577 /* [CP] Check Pods Manifest.lock */ = {
			isa = PBXShellScriptBuildPhase;
			buildActionMask = 2147483647;
			files = (
			);
			inputFileListPaths = (
			);
			inputPaths = (
				"${PODS_PODFILE_DIR_PATH}/Podfile.lock",
				"${PODS_ROOT}/Manifest.lock",
			);
			name = "[CP] Check Pods Manifest.lock";
			outputFileListPaths = (
			);
			outputPaths = (
				"$(DERIVED_FILE_DIR)/Pods-MovieBoxTests-checkManifestLockResult.txt",
			);
			runOnlyForDeploymentPostprocessing = 0;
			shellPath = /bin/sh;
			shellScript = "diff \"${PODS_PODFILE_DIR_PATH}/Podfile.lock\" \"${PODS_ROOT}/Manifest.lock\" > /dev/null\nif [ $? != 0 ] ; then\n    # print error to STDERR\n    echo \"error: The sandbox is not in sync with the Podfile.lock. Run 'pod install' or update your CocoaPods installation.\" >&2\n    exit 1\nfi\n# This output is used by Xcode 'outputs' to avoid re-running this script phase.\necho \"SUCCESS\" > \"${SCRIPT_OUTPUT_FILE_0}\"\n";
			showEnvVarsInLog = 0;
		};
		9C6B412F1C5FBAFCACBBDCB3 /* [CP] Embed Pods Frameworks */ = {
			isa = PBXShellScriptBuildPhase;
			buildActionMask = 2147483647;
			files = (
			);
			inputFileListPaths = (
				"${PODS_ROOT}/Target Support Files/Pods-MovieBox-MovieBoxUITests/Pods-MovieBox-MovieBoxUITests-frameworks-${CONFIGURATION}-input-files.xcfilelist",
			);
			name = "[CP] Embed Pods Frameworks";
			outputFileListPaths = (
				"${PODS_ROOT}/Target Support Files/Pods-MovieBox-MovieBoxUITests/Pods-MovieBox-MovieBoxUITests-frameworks-${CONFIGURATION}-output-files.xcfilelist",
			);
			runOnlyForDeploymentPostprocessing = 0;
			shellPath = /bin/sh;
			shellScript = "\"${PODS_ROOT}/Target Support Files/Pods-MovieBox-MovieBoxUITests/Pods-MovieBox-MovieBoxUITests-frameworks.sh\"\n";
			showEnvVarsInLog = 0;
		};
/* End PBXShellScriptBuildPhase section */

/* Begin PBXSourcesBuildPhase section */
		B0EEB37A268621EA00EF5BEC /* Sources */ = {
			isa = PBXSourcesBuildPhase;
			buildActionMask = 2147483647;
			files = (
				F4B34726268774A600AB6899 /* LoadingViewUtility.swift in Sources */,
				F4B3475C26885B0200AB6899 /* PersonDetailViewModels.swift in Sources */,
				F4B3471B2687605300AB6899 /* MovieCell.swift in Sources */,
				F4B347692688936000AB6899 /* MovieDetailViewController+CollectionView.swift in Sources */,
				F4B3478326890FAE00AB6899 /* BiographyViewController.swift in Sources */,
				F4B347282687848900AB6899 /* ActivityIndicatorCell.swift in Sources */,
				F4B347372688461F00AB6899 /* MovieDetailViewRouter.swift in Sources */,
				F4B34760268874DC00AB6899 /* PersonDetailViewController+CollectionView.swift in Sources */,
				F4B34714268751A800AB6899 /* TransactionURL.swift in Sources */,
				F4B34716268752F600AB6899 /* Constants.swift in Sources */,
				F4B347202687702E00AB6899 /* CollectionView+Extension.swift in Sources */,
				B05EA4742686329B00BCC124 /* DashboardViewWorker.swift in Sources */,
				F4B34733268845FD00AB6899 /* MovieDetailViewModels.swift in Sources */,
				F4B3472A26879F0600AB6899 /* DashboardViewController+Search.swift in Sources */,
				F4B3477E2688B6EF00AB6899 /* FontUtility.swift in Sources */,
				F4B3478B26890FEC00AB6899 /* BiographyViewInteractor.swift in Sources */,
				F4B3474826885AB400AB6899 /* PersonDetailViewController.swift in Sources */,
				F4B34723268773E800AB6899 /* BaseViewController.swift in Sources */,
				F4B3475026885ACE00AB6899 /* PersonDetailViewPresenter.swift in Sources */,
				B05EA47C2686329B00BCC124 /* DashboardViewInteractor.swift in Sources */,
				F4B34718268755A200AB6899 /* DialogBoxUtility.swift in Sources */,
				B05EA4762686329B00BCC124 /* DashboardViewRouter.swift in Sources */,
				B0EEB382268621EA00EF5BEC /* AppDelegate.swift in Sources */,
				F4B347722688A21500AB6899 /* ColorUtility.swift in Sources */,
				F4B3471226871B3F00AB6899 /* DashboardViewController+CollectionView.swift in Sources */,
				F4B3478726890FD700AB6899 /* BiographyViewRouter.swift in Sources */,
				B05EA4722686329B00BCC124 /* DashboardViewPresenter.swift in Sources */,
				F4B3472C2687BF5D00AB6899 /* PersonCell.swift in Sources */,
				F4B3473B2688465800AB6899 /* MovieDetailViewWorker.swift in Sources */,
				F4B3474C26885AC000AB6899 /* PersonDetailViewRouter.swift in Sources */,
				F4B3477A2688AF3900AB6899 /* SectionHeader.swift in Sources */,
				F4B3473F2688466B00AB6899 /* MovieDetailViewInteractor.swift in Sources */,
				F4B34765268875B600AB6899 /* PersonCastCell.swift in Sources */,
				F4B347432688468200AB6899 /* MovieDetailViewPresenter.swift in Sources */,
				F4B3472F268845DA00AB6899 /* MovieDetailViewController.swift in Sources */,
				F4B3475426885AE800AB6899 /* PersonDetailViewInteractor.swift in Sources */,
				F4B3476E268894B500AB6899 /* MovieCastCell.swift in Sources */,
				F4B3471026871AA100AB6899 /* DashboardViewController.swift in Sources */,
				B05EA4782686329B00BCC124 /* DashboardViewModels.swift in Sources */,
				F4B347762688AA9600AB6899 /* SearchBar+Extension.swift in Sources */,
				F4B3475826885AF600AB6899 /* PersonDetailViewWorker.swift in Sources */,
				F4B3471D2687624D00AB6899 /* Extensions.swift in Sources */,
			);
			runOnlyForDeploymentPostprocessing = 0;
		};
		B0EEB390268621EB00EF5BEC /* Sources */ = {
			isa = PBXSourcesBuildPhase;
			buildActionMask = 2147483647;
			files = (
				B05EA47D2686329B00BCC124 /* DashboardViewInteractor.swift in Sources */,
				F4B347402688466B00AB6899 /* MovieDetailViewInteractor.swift in Sources */,
				F4B3477B2688AF3900AB6899 /* SectionHeader.swift in Sources */,
				F4B34734268845FD00AB6899 /* MovieDetailViewModels.swift in Sources */,
				B05EA4772686329B00BCC124 /* DashboardViewRouter.swift in Sources */,
				F4B3478826890FD700AB6899 /* BiographyViewRouter.swift in Sources */,
				F4B34766268875B600AB6899 /* PersonCastCell.swift in Sources */,
				F4B3475126885ACE00AB6899 /* PersonDetailViewPresenter.swift in Sources */,
				F4B347382688461F00AB6899 /* MovieDetailViewRouter.swift in Sources */,
				F4B3476F268894B500AB6899 /* MovieCastCell.swift in Sources */,
				F4B3475526885AE800AB6899 /* PersonDetailViewInteractor.swift in Sources */,
				F4B3478426890FAE00AB6899 /* BiographyViewController.swift in Sources */,
				B05EA4732686329B00BCC124 /* DashboardViewPresenter.swift in Sources */,
				F4B3475926885AF600AB6899 /* PersonDetailViewWorker.swift in Sources */,
				B05EA4752686329B00BCC124 /* DashboardViewWorker.swift in Sources */,
				F4B3477F2688B6EF00AB6899 /* FontUtility.swift in Sources */,
				F4B3473C2688465800AB6899 /* MovieDetailViewWorker.swift in Sources */,
				F4B34730268845DA00AB6899 /* MovieDetailViewController.swift in Sources */,
				F4B3478C26890FEC00AB6899 /* BiographyViewInteractor.swift in Sources */,
				F4B34761268874DC00AB6899 /* PersonDetailViewController+CollectionView.swift in Sources */,
				F4B347772688AA9600AB6899 /* SearchBar+Extension.swift in Sources */,
				F4B3470B2687091F00AB6899 /* AppDelegate.swift in Sources */,
				F4B3474D26885AC000AB6899 /* PersonDetailViewRouter.swift in Sources */,
				F4B3475D26885B0200AB6899 /* PersonDetailViewModels.swift in Sources */,
				F4B3476A2688936000AB6899 /* MovieDetailViewController+CollectionView.swift in Sources */,
				F4B347732688A21500AB6899 /* ColorUtility.swift in Sources */,
				F4B3474926885AB400AB6899 /* PersonDetailViewController.swift in Sources */,
				B0EEB399268621EB00EF5BEC /* MovieBoxTests.swift in Sources */,
				F4B347442688468200AB6899 /* MovieDetailViewPresenter.swift in Sources */,
			);
			runOnlyForDeploymentPostprocessing = 0;
		};
		B0EEB39B268621EB00EF5BEC /* Sources */ = {
			isa = PBXSourcesBuildPhase;
			buildActionMask = 2147483647;
			files = (
				F4B347072687090F00AB6899 /* DashboardViewInteractor.swift in Sources */,
				F4B347412688466B00AB6899 /* MovieDetailViewInteractor.swift in Sources */,
				F4B3477C2688AF3900AB6899 /* SectionHeader.swift in Sources */,
				F4B34735268845FD00AB6899 /* MovieDetailViewModels.swift in Sources */,
				F4B347032687090700AB6899 /* DashboardViewPresenter.swift in Sources */,
				F4B3478926890FD700AB6899 /* BiographyViewRouter.swift in Sources */,
				F4B34767268875B600AB6899 /* PersonCastCell.swift in Sources */,
				F4B3475226885ACE00AB6899 /* PersonDetailViewPresenter.swift in Sources */,
				F4B347392688461F00AB6899 /* MovieDetailViewRouter.swift in Sources */,
				F4B34770268894B500AB6899 /* MovieCastCell.swift in Sources */,
				F4B3475626885AE800AB6899 /* PersonDetailViewInteractor.swift in Sources */,
				F4B3478526890FAE00AB6899 /* BiographyViewController.swift in Sources */,
				F4B347042687090900AB6899 /* DashboardViewWorker.swift in Sources */,
				F4B3475A26885AF600AB6899 /* PersonDetailViewWorker.swift in Sources */,
				B0EEB3A4268621EB00EF5BEC /* MovieBoxUITests.swift in Sources */,
				F4B347802688B6EF00AB6899 /* FontUtility.swift in Sources */,
				F4B3473D2688465800AB6899 /* MovieDetailViewWorker.swift in Sources */,
				F4B34731268845DA00AB6899 /* MovieDetailViewController.swift in Sources */,
				F4B3478D26890FEC00AB6899 /* BiographyViewInteractor.swift in Sources */,
				F4B34762268874DC00AB6899 /* PersonDetailViewController+CollectionView.swift in Sources */,
				F4B347782688AA9600AB6899 /* SearchBar+Extension.swift in Sources */,
				F4B3470C2687091F00AB6899 /* AppDelegate.swift in Sources */,
				F4B3474E26885AC000AB6899 /* PersonDetailViewRouter.swift in Sources */,
				F4B3475E26885B0200AB6899 /* PersonDetailViewModels.swift in Sources */,
				F4B3476B2688936000AB6899 /* MovieDetailViewController+CollectionView.swift in Sources */,
				F4B347742688A21500AB6899 /* ColorUtility.swift in Sources */,
				F4B3474A26885AB400AB6899 /* PersonDetailViewController.swift in Sources */,
				F4B3470A2687091900AB6899 /* DashboardViewRouter.swift in Sources */,
				F4B347452688468200AB6899 /* MovieDetailViewPresenter.swift in Sources */,
			);
			runOnlyForDeploymentPostprocessing = 0;
		};
/* End PBXSourcesBuildPhase section */

/* Begin PBXTargetDependency section */
		B0EEB396268621EB00EF5BEC /* PBXTargetDependency */ = {
			isa = PBXTargetDependency;
			target = B0EEB37D268621EA00EF5BEC /* MovieBox */;
			targetProxy = B0EEB395268621EB00EF5BEC /* PBXContainerItemProxy */;
		};
		B0EEB3A1268621EB00EF5BEC /* PBXTargetDependency */ = {
			isa = PBXTargetDependency;
			target = B0EEB37D268621EA00EF5BEC /* MovieBox */;
			targetProxy = B0EEB3A0268621EB00EF5BEC /* PBXContainerItemProxy */;
		};
/* End PBXTargetDependency section */

/* Begin PBXVariantGroup section */
		B0EEB38C268621EA00EF5BEC /* LaunchScreen.storyboard */ = {
			isa = PBXVariantGroup;
			children = (
				B0EEB38D268621EA00EF5BEC /* Base */,
			);
			name = LaunchScreen.storyboard;
			sourceTree = "<group>";
		};
/* End PBXVariantGroup section */

/* Begin XCBuildConfiguration section */
		B0EEB3A6268621EB00EF5BEC /* Debug */ = {
			isa = XCBuildConfiguration;
			buildSettings = {
				ALWAYS_SEARCH_USER_PATHS = NO;
				CLANG_ANALYZER_NONNULL = YES;
				CLANG_ANALYZER_NUMBER_OBJECT_CONVERSION = YES_AGGRESSIVE;
				CLANG_CXX_LANGUAGE_STANDARD = "gnu++14";
				CLANG_CXX_LIBRARY = "libc++";
				CLANG_ENABLE_MODULES = YES;
				CLANG_ENABLE_OBJC_ARC = YES;
				CLANG_ENABLE_OBJC_WEAK = YES;
				CLANG_WARN_BLOCK_CAPTURE_AUTORELEASING = YES;
				CLANG_WARN_BOOL_CONVERSION = YES;
				CLANG_WARN_COMMA = YES;
				CLANG_WARN_CONSTANT_CONVERSION = YES;
				CLANG_WARN_DEPRECATED_OBJC_IMPLEMENTATIONS = YES;
				CLANG_WARN_DIRECT_OBJC_ISA_USAGE = YES_ERROR;
				CLANG_WARN_DOCUMENTATION_COMMENTS = YES;
				CLANG_WARN_EMPTY_BODY = YES;
				CLANG_WARN_ENUM_CONVERSION = YES;
				CLANG_WARN_INFINITE_RECURSION = YES;
				CLANG_WARN_INT_CONVERSION = YES;
				CLANG_WARN_NON_LITERAL_NULL_CONVERSION = YES;
				CLANG_WARN_OBJC_IMPLICIT_RETAIN_SELF = YES;
				CLANG_WARN_OBJC_LITERAL_CONVERSION = YES;
				CLANG_WARN_OBJC_ROOT_CLASS = YES_ERROR;
				CLANG_WARN_QUOTED_INCLUDE_IN_FRAMEWORK_HEADER = YES;
				CLANG_WARN_RANGE_LOOP_ANALYSIS = YES;
				CLANG_WARN_STRICT_PROTOTYPES = YES;
				CLANG_WARN_SUSPICIOUS_MOVE = YES;
				CLANG_WARN_UNGUARDED_AVAILABILITY = YES_AGGRESSIVE;
				CLANG_WARN_UNREACHABLE_CODE = YES;
				CLANG_WARN__DUPLICATE_METHOD_MATCH = YES;
				COPY_PHASE_STRIP = NO;
				DEBUG_INFORMATION_FORMAT = dwarf;
				ENABLE_STRICT_OBJC_MSGSEND = YES;
				ENABLE_TESTABILITY = YES;
				GCC_C_LANGUAGE_STANDARD = gnu11;
				GCC_DYNAMIC_NO_PIC = NO;
				GCC_NO_COMMON_BLOCKS = YES;
				GCC_OPTIMIZATION_LEVEL = 0;
				GCC_PREPROCESSOR_DEFINITIONS = (
					"DEBUG=1",
					"$(inherited)",
				);
				GCC_WARN_64_TO_32_BIT_CONVERSION = YES;
				GCC_WARN_ABOUT_RETURN_TYPE = YES_ERROR;
				GCC_WARN_UNDECLARED_SELECTOR = YES;
				GCC_WARN_UNINITIALIZED_AUTOS = YES_AGGRESSIVE;
				GCC_WARN_UNUSED_FUNCTION = YES;
				GCC_WARN_UNUSED_VARIABLE = YES;
				IPHONEOS_DEPLOYMENT_TARGET = 14.5;
				MTL_ENABLE_DEBUG_INFO = INCLUDE_SOURCE;
				MTL_FAST_MATH = YES;
				ONLY_ACTIVE_ARCH = YES;
				SDKROOT = iphoneos;
				SWIFT_ACTIVE_COMPILATION_CONDITIONS = DEBUG;
				SWIFT_OPTIMIZATION_LEVEL = "-Onone";
			};
			name = Debug;
		};
		B0EEB3A7268621EB00EF5BEC /* Release */ = {
			isa = XCBuildConfiguration;
			buildSettings = {
				ALWAYS_SEARCH_USER_PATHS = NO;
				CLANG_ANALYZER_NONNULL = YES;
				CLANG_ANALYZER_NUMBER_OBJECT_CONVERSION = YES_AGGRESSIVE;
				CLANG_CXX_LANGUAGE_STANDARD = "gnu++14";
				CLANG_CXX_LIBRARY = "libc++";
				CLANG_ENABLE_MODULES = YES;
				CLANG_ENABLE_OBJC_ARC = YES;
				CLANG_ENABLE_OBJC_WEAK = YES;
				CLANG_WARN_BLOCK_CAPTURE_AUTORELEASING = YES;
				CLANG_WARN_BOOL_CONVERSION = YES;
				CLANG_WARN_COMMA = YES;
				CLANG_WARN_CONSTANT_CONVERSION = YES;
				CLANG_WARN_DEPRECATED_OBJC_IMPLEMENTATIONS = YES;
				CLANG_WARN_DIRECT_OBJC_ISA_USAGE = YES_ERROR;
				CLANG_WARN_DOCUMENTATION_COMMENTS = YES;
				CLANG_WARN_EMPTY_BODY = YES;
				CLANG_WARN_ENUM_CONVERSION = YES;
				CLANG_WARN_INFINITE_RECURSION = YES;
				CLANG_WARN_INT_CONVERSION = YES;
				CLANG_WARN_NON_LITERAL_NULL_CONVERSION = YES;
				CLANG_WARN_OBJC_IMPLICIT_RETAIN_SELF = YES;
				CLANG_WARN_OBJC_LITERAL_CONVERSION = YES;
				CLANG_WARN_OBJC_ROOT_CLASS = YES_ERROR;
				CLANG_WARN_QUOTED_INCLUDE_IN_FRAMEWORK_HEADER = YES;
				CLANG_WARN_RANGE_LOOP_ANALYSIS = YES;
				CLANG_WARN_STRICT_PROTOTYPES = YES;
				CLANG_WARN_SUSPICIOUS_MOVE = YES;
				CLANG_WARN_UNGUARDED_AVAILABILITY = YES_AGGRESSIVE;
				CLANG_WARN_UNREACHABLE_CODE = YES;
				CLANG_WARN__DUPLICATE_METHOD_MATCH = YES;
				COPY_PHASE_STRIP = NO;
				DEBUG_INFORMATION_FORMAT = "dwarf-with-dsym";
				ENABLE_NS_ASSERTIONS = NO;
				ENABLE_STRICT_OBJC_MSGSEND = YES;
				GCC_C_LANGUAGE_STANDARD = gnu11;
				GCC_NO_COMMON_BLOCKS = YES;
				GCC_WARN_64_TO_32_BIT_CONVERSION = YES;
				GCC_WARN_ABOUT_RETURN_TYPE = YES_ERROR;
				GCC_WARN_UNDECLARED_SELECTOR = YES;
				GCC_WARN_UNINITIALIZED_AUTOS = YES_AGGRESSIVE;
				GCC_WARN_UNUSED_FUNCTION = YES;
				GCC_WARN_UNUSED_VARIABLE = YES;
				IPHONEOS_DEPLOYMENT_TARGET = 14.5;
				MTL_ENABLE_DEBUG_INFO = NO;
				MTL_FAST_MATH = YES;
				SDKROOT = iphoneos;
				SWIFT_COMPILATION_MODE = wholemodule;
				SWIFT_OPTIMIZATION_LEVEL = "-O";
				VALIDATE_PRODUCT = YES;
			};
			name = Release;
		};
		B0EEB3A9268621EB00EF5BEC /* Debug */ = {
			isa = XCBuildConfiguration;
			baseConfigurationReference = A60B9F5E8B539CE6985CC8EC /* Pods-MovieBox.debug.xcconfig */;
			buildSettings = {
				ASSETCATALOG_COMPILER_APPICON_NAME = AppIcon;
				ASSETCATALOG_COMPILER_GLOBAL_ACCENT_COLOR_NAME = AccentColor;
				CODE_SIGN_STYLE = Automatic;
				INFOPLIST_FILE = MovieBox/Info.plist;
				IPHONEOS_DEPLOYMENT_TARGET = 10.0;
				LD_RUNPATH_SEARCH_PATHS = (
					"$(inherited)",
					"@executable_path/Frameworks",
				);
				PRODUCT_BUNDLE_IDENTIFIER = com.ondermurat.moviebox.MovieBox;
				PRODUCT_NAME = "$(TARGET_NAME)";
				SWIFT_VERSION = 5.0;
				TARGETED_DEVICE_FAMILY = "1,2";
			};
			name = Debug;
		};
		B0EEB3AA268621EB00EF5BEC /* Release */ = {
			isa = XCBuildConfiguration;
			baseConfigurationReference = B3FF1A2FD0731D8914378282 /* Pods-MovieBox.release.xcconfig */;
			buildSettings = {
				ASSETCATALOG_COMPILER_APPICON_NAME = AppIcon;
				ASSETCATALOG_COMPILER_GLOBAL_ACCENT_COLOR_NAME = AccentColor;
				CODE_SIGN_STYLE = Automatic;
				INFOPLIST_FILE = MovieBox/Info.plist;
				IPHONEOS_DEPLOYMENT_TARGET = 10.0;
				LD_RUNPATH_SEARCH_PATHS = (
					"$(inherited)",
					"@executable_path/Frameworks",
				);
				PRODUCT_BUNDLE_IDENTIFIER = com.ondermurat.moviebox.MovieBox;
				PRODUCT_NAME = "$(TARGET_NAME)";
				SWIFT_VERSION = 5.0;
				TARGETED_DEVICE_FAMILY = "1,2";
			};
			name = Release;
		};
		B0EEB3AC268621EB00EF5BEC /* Debug */ = {
			isa = XCBuildConfiguration;
			baseConfigurationReference = 25419BBCB7A884064E00E3AD /* Pods-MovieBoxTests.debug.xcconfig */;
			buildSettings = {
				ALWAYS_EMBED_SWIFT_STANDARD_LIBRARIES = YES;
				BUNDLE_LOADER = "$(TEST_HOST)";
				CODE_SIGN_STYLE = Automatic;
				INFOPLIST_FILE = MovieBoxTests/Info.plist;
				IPHONEOS_DEPLOYMENT_TARGET = 14.5;
				LD_RUNPATH_SEARCH_PATHS = (
					"$(inherited)",
					"@executable_path/Frameworks",
					"@loader_path/Frameworks",
				);
				PRODUCT_BUNDLE_IDENTIFIER = com.ondermurat.moviebox.MovieBoxTests;
				PRODUCT_NAME = "$(TARGET_NAME)";
				SWIFT_VERSION = 5.0;
				TARGETED_DEVICE_FAMILY = "1,2";
				TEST_HOST = "$(BUILT_PRODUCTS_DIR)/MovieBox.app/MovieBox";
			};
			name = Debug;
		};
		B0EEB3AD268621EB00EF5BEC /* Release */ = {
			isa = XCBuildConfiguration;
			baseConfigurationReference = CBB989449C86584332545A5F /* Pods-MovieBoxTests.release.xcconfig */;
			buildSettings = {
				ALWAYS_EMBED_SWIFT_STANDARD_LIBRARIES = YES;
				BUNDLE_LOADER = "$(TEST_HOST)";
				CODE_SIGN_STYLE = Automatic;
				INFOPLIST_FILE = MovieBoxTests/Info.plist;
				IPHONEOS_DEPLOYMENT_TARGET = 14.5;
				LD_RUNPATH_SEARCH_PATHS = (
					"$(inherited)",
					"@executable_path/Frameworks",
					"@loader_path/Frameworks",
				);
				PRODUCT_BUNDLE_IDENTIFIER = com.ondermurat.moviebox.MovieBoxTests;
				PRODUCT_NAME = "$(TARGET_NAME)";
				SWIFT_VERSION = 5.0;
				TARGETED_DEVICE_FAMILY = "1,2";
				TEST_HOST = "$(BUILT_PRODUCTS_DIR)/MovieBox.app/MovieBox";
			};
			name = Release;
		};
		B0EEB3AF268621EB00EF5BEC /* Debug */ = {
			isa = XCBuildConfiguration;
			baseConfigurationReference = AE5DB17C4257E09DC89F45FB /* Pods-MovieBox-MovieBoxUITests.debug.xcconfig */;
			buildSettings = {
				ALWAYS_EMBED_SWIFT_STANDARD_LIBRARIES = YES;
				CODE_SIGN_STYLE = Automatic;
				INFOPLIST_FILE = MovieBoxUITests/Info.plist;
				LD_RUNPATH_SEARCH_PATHS = (
					"$(inherited)",
					"@executable_path/Frameworks",
					"@loader_path/Frameworks",
				);
				PRODUCT_BUNDLE_IDENTIFIER = com.ondermurat.moviebox.MovieBoxUITests;
				PRODUCT_NAME = "$(TARGET_NAME)";
				SWIFT_VERSION = 5.0;
				TARGETED_DEVICE_FAMILY = "1,2";
				TEST_TARGET_NAME = MovieBox;
			};
			name = Debug;
		};
		B0EEB3B0268621EB00EF5BEC /* Release */ = {
			isa = XCBuildConfiguration;
			baseConfigurationReference = D3793FFFCBEB36238FEFE980 /* Pods-MovieBox-MovieBoxUITests.release.xcconfig */;
			buildSettings = {
				ALWAYS_EMBED_SWIFT_STANDARD_LIBRARIES = YES;
				CODE_SIGN_STYLE = Automatic;
				INFOPLIST_FILE = MovieBoxUITests/Info.plist;
				LD_RUNPATH_SEARCH_PATHS = (
					"$(inherited)",
					"@executable_path/Frameworks",
					"@loader_path/Frameworks",
				);
				PRODUCT_BUNDLE_IDENTIFIER = com.ondermurat.moviebox.MovieBoxUITests;
				PRODUCT_NAME = "$(TARGET_NAME)";
				SWIFT_VERSION = 5.0;
				TARGETED_DEVICE_FAMILY = "1,2";
				TEST_TARGET_NAME = MovieBox;
			};
			name = Release;
		};
/* End XCBuildConfiguration section */

/* Begin XCConfigurationList section */
		B0EEB379268621EA00EF5BEC /* Build configuration list for PBXProject "MovieBox" */ = {
			isa = XCConfigurationList;
			buildConfigurations = (
				B0EEB3A6268621EB00EF5BEC /* Debug */,
				B0EEB3A7268621EB00EF5BEC /* Release */,
			);
			defaultConfigurationIsVisible = 0;
			defaultConfigurationName = Release;
		};
		B0EEB3A8268621EB00EF5BEC /* Build configuration list for PBXNativeTarget "MovieBox" */ = {
			isa = XCConfigurationList;
			buildConfigurations = (
				B0EEB3A9268621EB00EF5BEC /* Debug */,
				B0EEB3AA268621EB00EF5BEC /* Release */,
			);
			defaultConfigurationIsVisible = 0;
			defaultConfigurationName = Release;
		};
		B0EEB3AB268621EB00EF5BEC /* Build configuration list for PBXNativeTarget "MovieBoxTests" */ = {
			isa = XCConfigurationList;
			buildConfigurations = (
				B0EEB3AC268621EB00EF5BEC /* Debug */,
				B0EEB3AD268621EB00EF5BEC /* Release */,
			);
			defaultConfigurationIsVisible = 0;
			defaultConfigurationName = Release;
		};
		B0EEB3AE268621EB00EF5BEC /* Build configuration list for PBXNativeTarget "MovieBoxUITests" */ = {
			isa = XCConfigurationList;
			buildConfigurations = (
				B0EEB3AF268621EB00EF5BEC /* Debug */,
				B0EEB3B0268621EB00EF5BEC /* Release */,
			);
			defaultConfigurationIsVisible = 0;
			defaultConfigurationName = Release;
		};
/* End XCConfigurationList section */
	};
	rootObject = B0EEB376268621EA00EF5BEC /* Project object */;
}
